
Microsoft Visual Studio Solution File, Format Version 12.00
# Visual Studio Version 16
VisualStudioVersion = 16.0.30204.135
MinimumVisualStudioVersion = 10.0.40219.1
Project("{FAE04EC0-301F-11D3-BF4B-00C04F79EFBC}") = "Anastasia", "Anastasia\Anastasia.csproj", "{68C74345-755B-4E44-BD19-6695631C5740}"
EndProject
Global
	GlobalSection(SolutionConfigurationPlatforms) = preSolution
		Debug|Any CPU = Debug|Any CPU
		Release|Any CPU = Release|Any CPU
	EndGlobalSection
	GlobalSection(ProjectConfigurationPlatforms) = postSolution
		{68C74345-755B-4E44-BD19-6695631C5740}.Debug|Any CPU.ActiveCfg = Debug|Any CPU
		{68C74345-755B-4E44-BD19-6695631C5740}.Debug|Any CPU.Build.0 = Debug|Any CPU
		{68C74345-755B-4E44-BD19-6695631C5740}.Release|Any CPU.ActiveCfg = Release|Any CPU
		{68C74345-755B-4E44-BD19-6695631C5740}.Release|Any CPU.Build.0 = Release|Any CPU
	EndGlobalSection
	GlobalSection(SolutionProperties) = preSolution
		HideSolutionNode = FALSE
	EndGlobalSection
	GlobalSection(ExtensibilityGlobals) = postSolution
		SolutionGuid = {33E2F99F-ADA3-4ABE-9895-0EC5C5FAC636}
	EndGlobalSection
EndGlobal
